
Microsoft Visual Studio Solution File, Format Version 12.00
# Visual Studio 2013
VisualStudioVersion = 12.0.21005.1
MinimumVisualStudioVersion = 10.0.40219.1
Project("{FAE04EC0-301F-11D3-BF4B-00C04F79EFBC}") = "query.by.specification", "query.by.specification\query.by.specification.csproj", "{1AF87FBF-9E29-48D0-9DF1-57DC43DEA750}"
EndProject
Project("{2150E333-8FDC-42A3-9474-1A3956D46DE8}") = ".nuget", ".nuget", "{2FF70E76-17BA-465B-BFDD-B87EFE29F1EC}"
	ProjectSection(SolutionItems) = preProject
		.nuget\NuGet.Config = .nuget\NuGet.Config
		.nuget\NuGet.exe = .nuget\NuGet.exe
		.nuget\NuGet.targets = .nuget\NuGet.targets
	EndProjectSection
EndProject
Project("{FAE04EC0-301F-11D3-BF4B-00C04F79EFBC}") = "query.by.specification.DataContracts", "query.by.specification.DataContracts\query.by.specification.DataContracts.csproj", "{5713E63C-2A34-4E5D-AC32-F4A1801F83BD}"
EndProject
Project("{FAE04EC0-301F-11D3-BF4B-00C04F79EFBC}") = "query.by.specification.DomainObjects", "query.by.specification.DomainObjects\query.by.specification.DomainObjects.csproj", "{25BBA3DF-14FA-40F0-958B-B710FFCF4873}"
EndProject
Global
	GlobalSection(SolutionConfigurationPlatforms) = preSolution
		Debug|Any CPU = Debug|Any CPU
		Release|Any CPU = Release|Any CPU
	EndGlobalSection
	GlobalSection(ProjectConfigurationPlatforms) = postSolution
		{1AF87FBF-9E29-48D0-9DF1-57DC43DEA750}.Debug|Any CPU.ActiveCfg = Debug|Any CPU
		{1AF87FBF-9E29-48D0-9DF1-57DC43DEA750}.Debug|Any CPU.Build.0 = Debug|Any CPU
		{1AF87FBF-9E29-48D0-9DF1-57DC43DEA750}.Release|Any CPU.ActiveCfg = Release|Any CPU
		{1AF87FBF-9E29-48D0-9DF1-57DC43DEA750}.Release|Any CPU.Build.0 = Release|Any CPU
		{5713E63C-2A34-4E5D-AC32-F4A1801F83BD}.Debug|Any CPU.ActiveCfg = Debug|Any CPU
		{5713E63C-2A34-4E5D-AC32-F4A1801F83BD}.Debug|Any CPU.Build.0 = Debug|Any CPU
		{5713E63C-2A34-4E5D-AC32-F4A1801F83BD}.Release|Any CPU.ActiveCfg = Release|Any CPU
		{5713E63C-2A34-4E5D-AC32-F4A1801F83BD}.Release|Any CPU.Build.0 = Release|Any CPU
		{25BBA3DF-14FA-40F0-958B-B710FFCF4873}.Debug|Any CPU.ActiveCfg = Debug|Any CPU
		{25BBA3DF-14FA-40F0-958B-B710FFCF4873}.Debug|Any CPU.Build.0 = Debug|Any CPU
		{25BBA3DF-14FA-40F0-958B-B710FFCF4873}.Release|Any CPU.ActiveCfg = Release|Any CPU
		{25BBA3DF-14FA-40F0-958B-B710FFCF4873}.Release|Any CPU.Build.0 = Release|Any CPU
	EndGlobalSection
	GlobalSection(SolutionProperties) = preSolution
		HideSolutionNode = FALSE
	EndGlobalSection
EndGlobal
